Microsoft Visual Studio Solution File, Format Version 12.00
# Visual Studio Version 17
VisualStudioVersion = 17.5.2.0
MinimumVisualStudioVersion = 10.0.40219.1
Project("{FAE04EC0-301F-11D3-BF4B-00C04F79EFBC}") = "ObjectOrientedApp", "ObjectOrientedApp\ObjectOrientedApp.csproj", "{3A206D4C-64EE-7C70-4A30-0A8EC0EEA856}"
EndProject
Global
	GlobalSection(SolutionConfigurationPlatforms) = preSolution
		Debug|Any CPU = Debug|Any CPU
		Release|Any CPU = Release|Any CPU
	EndGlobalSection
	GlobalSection(ProjectConfigurationPlatforms) = postSolution
		{3A206D4C-64EE-7C70-4A30-0A8EC0EEA856}.Debug|Any CPU.ActiveCfg = Debug|Any CPU
		{3A206D4C-64EE-7C70-4A30-0A8EC0EEA856}.Debug|Any CPU.Build.0 = Debug|Any CPU
		{3A206D4C-64EE-7C70-4A30-0A8EC0EEA856}.Release|Any CPU.ActiveCfg = Release|Any CPU
		{3A206D4C-64EE-7C70-4A30-0A8EC0EEA856}.Release|Any CPU.Build.0 = Release|Any CPU
	EndGlobalSection
	GlobalSection(SolutionProperties) = preSolution
		HideSolutionNode = FALSE
	EndGlobalSection
	GlobalSection(ExtensibilityGlobals) = postSolution
		SolutionGuid = {9509EBF0-4FE4-4150-AB88-483F38B5DFA9}
	EndGlobalSection
EndGlobal
